
Microsoft Visual Studio Solution File, Format Version 12.00
# Visual Studio Version 17
VisualStudioVersion = 17.9.34723.18
MinimumVisualStudioVersion = 10.0.40219.1
Project("{FAE04EC0-301F-11D3-BF4B-00C04F79EFBC}") = "AuthorizationPiguPageTests", "AuthorizationPiguPageTests.csproj", "{FE4D1BC4-F641-43DD-B6DE-78344D607846}"
EndProject
Global
	GlobalSection(SolutionConfigurationPlatforms) = preSolution
		Debug|Any CPU = Debug|Any CPU
		Release|Any CPU = Release|Any CPU
	EndGlobalSection
	GlobalSection(ProjectConfigurationPlatforms) = postSolution
		{FE4D1BC4-F641-43DD-B6DE-78344D607846}.Debug|Any CPU.ActiveCfg = Debug|Any CPU
		{FE4D1BC4-F641-43DD-B6DE-78344D607846}.Debug|Any CPU.Build.0 = Debug|Any CPU
		{FE4D1BC4-F641-43DD-B6DE-78344D607846}.Release|Any CPU.ActiveCfg = Release|Any CPU
		{FE4D1BC4-F641-43DD-B6DE-78344D607846}.Release|Any CPU.Build.0 = Release|Any CPU
	EndGlobalSection
	GlobalSection(SolutionProperties) = preSolution
		HideSolutionNode = FALSE
	EndGlobalSection
	GlobalSection(ExtensibilityGlobals) = postSolution
		SolutionGuid = {622F2AB3-3065-4292-AB2C-259A4FB66842}
	EndGlobalSection
EndGlobal
